
Microsoft Visual Studio Solution File, Format Version 12.00
# Visual Studio Version 17
VisualStudioVersion = 17.11.35312.102
MinimumVisualStudioVersion = 10.0.40219.1
Project("{FAE04EC0-301F-11D3-BF4B-00C04F79EFBC}") = "D1_Modul1", "D1_Modul1\D1_Modul1.csproj", "{38D402C6-A79A-4B84-9483-D828042F84CF}"
EndProject
Global
	GlobalSection(SolutionConfigurationPlatforms) = preSolution
		Debug|Any CPU = Debug|Any CPU
		Release|Any CPU = Release|Any CPU
	EndGlobalSection
	GlobalSection(ProjectConfigurationPlatforms) = postSolution
		{38D402C6-A79A-4B84-9483-D828042F84CF}.Debug|Any CPU.ActiveCfg = Debug|Any CPU
		{38D402C6-A79A-4B84-9483-D828042F84CF}.Debug|Any CPU.Build.0 = Debug|Any CPU
		{38D402C6-A79A-4B84-9483-D828042F84CF}.Release|Any CPU.ActiveCfg = Release|Any CPU
		{38D402C6-A79A-4B84-9483-D828042F84CF}.Release|Any CPU.Build.0 = Release|Any CPU
	EndGlobalSection
	GlobalSection(SolutionProperties) = preSolution
		HideSolutionNode = FALSE
	EndGlobalSection
	GlobalSection(ExtensibilityGlobals) = postSolution
		SolutionGuid = {422080DD-8F0F-4F80-9CD6-DA77BCDC972D}
	EndGlobalSection
EndGlobal
